# THIS IS AN AUTOGENERATED FILE. DO NOT EDIT THIS FILE DIRECTLY.
# yarn lockfile v1


base64-js@^1.0.2:
  version "1.3.0"
  resolved "https://registry.yarnpkg.com/base64-js/-/base64-js-1.3.0.tgz#cab1e6118f051095e58b5281aea8c1cd22bfc0e3"

buffer@^5.1.0:
  version "5.2.1"
  resolved "https://registry.yarnpkg.com/buffer/-/buffer-5.2.1.tgz#dd57fa0f109ac59c602479044dca7b8b3d0b71d6"
  dependencies:
    base64-js "^1.0.2"
    ieee754 "^1.1.4"

busboy@^0.2.14:
  version "0.2.14"
  resolved "https://registry.yarnpkg.com/busboy/-/busboy-0.2.14.tgz#6c2a622efcf47c57bbbe1e2a9c37ad36c7925453"
  dependencies:
    dicer "0.2.5"
    readable-stream "1.1.x"

core-util-is@~1.0.0:
  version "1.0.2"
  resolved "https://registry.yarnpkg.com/core-util-is/-/core-util-is-1.0.2.tgz#b5fd54220aa2bc5ab57aab7140c940754503c1a7"

crc@^3.8.0:
  version "3.8.0"
  resolved "https://registry.yarnpkg.com/crc/-/crc-3.8.0.tgz#ad60269c2c856f8c299e2c4cc0de4556914056c6"
  dependencies:
    buffer "^5.1.0"

dicer@0.2.5:
  version "0.2.5"
  resolved "https://registry.yarnpkg.com/dicer/-/dicer-0.2.5.tgz#5996c086bb33218c812c090bddc09cd12facb70f"
  dependencies:
    readable-stream "1.1.x"
    streamsearch "0.1.2"

ieee754@^1.1.4:
  version "1.1.12"
  resolved "https://registry.yarnpkg.com/ieee754/-/ieee754-1.1.12.tgz#50bf24e5b9c8bb98af4964c941cdb0918da7b60b"

inherits@~2.0.1:
  version "2.0.3"
  resolved "https://registry.yarnpkg.com/inherits/-/inherits-2.0.3.tgz#633c2c83e3da42a502f52466022480f4208261de"

ini@^1.3.5:
  version "1.3.5"
  resolved "https://registry.yarnpkg.com/ini/-/ini-1.3.5.tgz#eee25f56db1c9ec6085e0c22778083f596abf927"

isarray@0.0.1:
  version "0.0.1"
  resolved "https://registry.yarnpkg.com/isarray/-/isarray-0.0.1.tgz#8a18acfca9a8f4177e09abfc6038939b05d1eedf"

readable-stream@1.1.x:
  version "1.1.14"
  resolved "http://registry.npmjs.org/readable-stream/-/readable-stream-1.1.14.tgz#7cf4c54ef648e3813084c636dd2079e166c081d9"
  dependencies:
    core-util-is "~1.0.0"
    inherits "~2.0.1"
    isarray "0.0.1"
    string_decoder "~0.10.x"

streamsearch@0.1.2:
  version "0.1.2"
  resolved "https://registry.yarnpkg.com/streamsearch/-/streamsearch-0.1.2.tgz#808b9d0e56fc273d809ba57338e929919a1a9f1a"

string_decoder@~0.10.x:
  version "0.10.31"
  resolved "https://registry.yarnpkg.com/string_decoder/-/string_decoder-0.10.31.tgz#62e203bc41766c6c28c9fc84301dab1c5310fa94"
